{
  "version": 4,
  "terraform_version": "1.12.2",
  "serial": 46,
  "lineage": "40c2e66d-96f0-9428-93c2-2e5c590ef27b",
  "outputs": {
    "application_name": {
      "value": "dig-network-bootstrap",
      "type": "string"
    },
    "bootstrap_endpoints": {
      "value": {
        "discovery": null,
        "health": null,
        "registration": null,
        "stats": null,
        "topology": null
      },
      "type": [
        "object",
        {
          "discovery": "string",
          "health": "string",
          "registration": "string",
          "stats": "string",
          "topology": "string"
        }
      ]
    },
    "bootstrap_url": {
      "value": null,
      "type": "string"
    },
    "configuration_for_dig_nodes": {
      "value": {
        "discoveryServers": [
          null
        ],
        "example_config": {
          "discoveryServers": [
            null
          ],
          "enableDht": true,
          "enableGlobalDiscovery": true,
          "enableMdns": true
        }
      },
      "type": [
        "object",
        {
          "discoveryServers": [
            "tuple",
            [
              "string"
            ]
          ],
          "example_config": [
            "object",
            {
              "discoveryServers": [
                "tuple",
                [
                  "string"
                ]
              ],
              "enableDht": "bool",
              "enableGlobalDiscovery": "bool",
              "enableMdns": "bool"
            }
          ]
        }
      ]
    },
    "deployment_commands": {
      "value": {
        "build_docker": "docker build -t dig-bootstrap .",
        "deploy_eb": "eb deploy",
        "push_docker": "docker push \u003cyour-ecr-repo\u003e:latest",
        "tag_docker": "docker tag dig-bootstrap:latest \u003cyour-ecr-repo\u003e:latest"
      },
      "type": [
        "object",
        {
          "build_docker": "string",
          "deploy_eb": "string",
          "push_docker": "string",
          "tag_docker": "string"
        }
      ]
    },
    "environment_name": {
      "value": "dig-bootstrap-prod",
      "type": "string"
    },
    "environment_url": {
      "value": null,
      "type": "string"
    },
    "estimated_monthly_cost": {
      "value": "$3.80",
      "type": "string"
    },
    "instance_type": {
      "value": "t3.nano",
      "type": "string"
    },
    "monitoring_urls": {
      "value": {
        "health": null,
        "peers": null,
        "stats": null,
        "topology": null
      },
      "type": [
        "object",
        {
          "health": "string",
          "peers": "string",
          "stats": "string",
          "topology": "string"
        }
      ]
    }
  },
  "resources": [
    {
      "mode": "data",
      "type": "aws_availability_zones",
      "name": "available",
      "provider": "provider[\"registry.terraform.io/hashicorp/aws\"]",
      "instances": [
        {
          "schema_version": 0,
          "attributes": {
            "all_availability_zones": null,
            "exclude_names": null,
            "exclude_zone_ids": null,
            "filter": null,
            "group_names": [
              "us-east-1-zg-1"
            ],
            "id": "us-east-1",
            "names": [
              "us-east-1a",
              "us-east-1b",
              "us-east-1c",
              "us-east-1d",
              "us-east-1e",
              "us-east-1f"
            ],
            "state": "available",
            "timeouts": null,
            "zone_ids": [
              "use1-az4",
              "use1-az6",
              "use1-az1",
              "use1-az2",
              "use1-az3",
              "use1-az5"
            ]
          },
          "sensitive_attributes": [],
          "identity_schema_version": 0
        }
      ]
    },
    {
      "mode": "managed",
      "type": "aws_cloudwatch_log_group",
      "name": "dig_bootstrap_logs",
      "provider": "provider[\"registry.terraform.io/hashicorp/aws\"]",
      "instances": [
        {
          "schema_version": 0,
          "attributes": {
            "arn": "arn:aws:logs:us-east-1:752233440971:log-group:/aws/elasticbeanstalk/dig-bootstrap-prod/var/log/eb-docker/containers/eb-current-app",
            "id": "/aws/elasticbeanstalk/dig-bootstrap-prod/var/log/eb-docker/containers/eb-current-app",
            "kms_key_id": "",
            "log_group_class": "STANDARD",
            "name": "/aws/elasticbeanstalk/dig-bootstrap-prod/var/log/eb-docker/containers/eb-current-app",
            "name_prefix": "",
            "retention_in_days": 7,
            "skip_destroy": false,
            "tags": {
              "Environment": "prod",
              "Name": "DIG Bootstrap Logs"
            },
            "tags_all": {
              "Environment": "prod",
              "Name": "DIG Bootstrap Logs"
            }
          },
          "sensitive_attributes": [],
          "identity_schema_version": 0,
          "private": "bnVsbA=="
        }
      ]
    },
    {
      "mode": "managed",
      "type": "aws_default_subnet",
      "name": "default",
      "provider": "provider[\"registry.terraform.io/hashicorp/aws\"]",
      "instances": [
        {
          "index_key": 0,
          "schema_version": 1,
          "attributes": {
            "arn": "arn:aws:ec2:us-east-1:752233440971:subnet/subnet-0ae8a88cc038bbab3",
            "assign_ipv6_address_on_creation": false,
            "availability_zone": "us-east-1a",
            "availability_zone_id": "use1-az4",
            "cidr_block": "172.31.16.0/20",
            "customer_owned_ipv4_pool": "",
            "enable_dns64": false,
            "enable_lni_at_device_index": 0,
            "enable_resource_name_dns_a_record_on_launch": false,
            "enable_resource_name_dns_aaaa_record_on_launch": false,
            "existing_default_subnet": true,
            "force_destroy": false,
            "id": "subnet-0ae8a88cc038bbab3",
            "ipv6_cidr_block": "",
            "ipv6_cidr_block_association_id": "",
            "ipv6_native": false,
            "map_customer_owned_ip_on_launch": false,
            "map_public_ip_on_launch": true,
            "outpost_arn": "",
            "owner_id": "752233440971",
            "private_dns_hostname_type_on_launch": "ip-name",
            "tags": {
              "Name": "Default subnet for us-east-1a"
            },
            "tags_all": {
              "Name": "Default subnet for us-east-1a"
            },
            "timeouts": null,
            "vpc_id": "vpc-0e9bc881e17ce003a"
          },
          "sensitive_attributes": [],
          "identity_schema_version": 0,
          "private": "eyJlMmJmYjczMC1lY2FhLTExZTYtOGY4OC0zNDM2M2JjN2M0YzAiOnsiY3JlYXRlIjo2MDAwMDAwMDAwMDAsImRlbGV0ZSI6MTIwMDAwMDAwMDAwMH0sInNjaGVtYV92ZXJzaW9uIjoiMSJ9",
          "dependencies": [
            "data.aws_availability_zones.available"
          ]
        },
        {
          "index_key": 1,
          "schema_version": 1,
          "attributes": {
            "arn": "arn:aws:ec2:us-east-1:752233440971:subnet/subnet-02e50b34c3fe2c2c8",
            "assign_ipv6_address_on_creation": false,
            "availability_zone": "us-east-1b",
            "availability_zone_id": "use1-az6",
            "cidr_block": "172.31.32.0/20",
            "customer_owned_ipv4_pool": "",
            "enable_dns64": false,
            "enable_lni_at_device_index": 0,
            "enable_resource_name_dns_a_record_on_launch": false,
            "enable_resource_name_dns_aaaa_record_on_launch": false,
            "existing_default_subnet": true,
            "force_destroy": false,
            "id": "subnet-02e50b34c3fe2c2c8",
            "ipv6_cidr_block": "",
            "ipv6_cidr_block_association_id": "",
            "ipv6_native": false,
            "map_customer_owned_ip_on_launch": false,
            "map_public_ip_on_launch": true,
            "outpost_arn": "",
            "owner_id": "752233440971",
            "private_dns_hostname_type_on_launch": "ip-name",
            "tags": {
              "Name": "Default subnet for us-east-1b"
            },
            "tags_all": {
              "Name": "Default subnet for us-east-1b"
            },
            "timeouts": null,
            "vpc_id": "vpc-0e9bc881e17ce003a"
          },
          "sensitive_attributes": [],
          "identity_schema_version": 0,
          "private": "eyJlMmJmYjczMC1lY2FhLTExZTYtOGY4OC0zNDM2M2JjN2M0YzAiOnsiY3JlYXRlIjo2MDAwMDAwMDAwMDAsImRlbGV0ZSI6MTIwMDAwMDAwMDAwMH0sInNjaGVtYV92ZXJzaW9uIjoiMSJ9",
          "dependencies": [
            "data.aws_availability_zones.available"
          ]
        },
        {
          "index_key": 2,
          "schema_version": 1,
          "attributes": {
            "arn": "arn:aws:ec2:us-east-1:752233440971:subnet/subnet-07d6ce5f89a9ea14d",
            "assign_ipv6_address_on_creation": false,
            "availability_zone": "us-east-1c",
            "availability_zone_id": "use1-az1",
            "cidr_block": "172.31.0.0/20",
            "customer_owned_ipv4_pool": "",
            "enable_dns64": false,
            "enable_lni_at_device_index": 0,
            "enable_resource_name_dns_a_record_on_launch": false,
            "enable_resource_name_dns_aaaa_record_on_launch": false,
            "existing_default_subnet": true,
            "force_destroy": false,
            "id": "subnet-07d6ce5f89a9ea14d",
            "ipv6_cidr_block": "",
            "ipv6_cidr_block_association_id": "",
            "ipv6_native": false,
            "map_customer_owned_ip_on_launch": false,
            "map_public_ip_on_launch": true,
            "outpost_arn": "",
            "owner_id": "752233440971",
            "private_dns_hostname_type_on_launch": "ip-name",
            "tags": {
              "Name": "Default subnet for us-east-1c"
            },
            "tags_all": {
              "Name": "Default subnet for us-east-1c"
            },
            "timeouts": null,
            "vpc_id": "vpc-0e9bc881e17ce003a"
          },
          "sensitive_attributes": [],
          "identity_schema_version": 0,
          "private": "eyJlMmJmYjczMC1lY2FhLTExZTYtOGY4OC0zNDM2M2JjN2M0YzAiOnsiY3JlYXRlIjo2MDAwMDAwMDAwMDAsImRlbGV0ZSI6MTIwMDAwMDAwMDAwMH0sInNjaGVtYV92ZXJzaW9uIjoiMSJ9",
          "dependencies": [
            "data.aws_availability_zones.available"
          ]
        }
      ]
    },
    {
      "mode": "managed",
      "type": "aws_default_vpc",
      "name": "default",
      "provider": "provider[\"registry.terraform.io/hashicorp/aws\"]",
      "instances": [
        {
          "schema_version": 1,
          "attributes": {
            "arn": "arn:aws:ec2:us-east-1:752233440971:vpc/vpc-0e9bc881e17ce003a",
            "assign_generated_ipv6_cidr_block": false,
            "cidr_block": "172.31.0.0/16",
            "default_network_acl_id": "acl-0ee7be86fbc97626c",
            "default_route_table_id": "rtb-056af6574495fb734",
            "default_security_group_id": "sg-078f60a28ec33b5e6",
            "dhcp_options_id": "dopt-05a7f5310e962323a",
            "enable_dns_hostnames": true,
            "enable_dns_support": true,
            "enable_network_address_usage_metrics": false,
            "existing_default_vpc": true,
            "force_destroy": false,
            "id": "vpc-0e9bc881e17ce003a",
            "instance_tenancy": "default",
            "ipv6_association_id": "",
            "ipv6_cidr_block": "",
            "ipv6_cidr_block_network_border_group": "",
            "ipv6_ipam_pool_id": "",
            "ipv6_netmask_length": 0,
            "main_route_table_id": "rtb-056af6574495fb734",
            "owner_id": "752233440971",
            "tags": {
              "Name": "Default VPC"
            },
            "tags_all": {
              "Name": "Default VPC"
            }
          },
          "sensitive_attributes": [],
          "identity_schema_version": 0,
          "private": "eyJzY2hlbWFfdmVyc2lvbiI6IjEifQ=="
        }
      ]
    },
    {
      "mode": "managed",
      "type": "aws_elastic_beanstalk_application",
      "name": "dig_bootstrap",
      "provider": "provider[\"registry.terraform.io/hashicorp/aws\"]",
      "instances": [
        {
          "schema_version": 0,
          "attributes": {
            "appversion_lifecycle": [
              {
                "delete_source_from_s3": true,
                "max_age_in_days": 0,
                "max_count": 5,
                "service_role": "arn:aws:iam::752233440971:role/dig-bootstrap-eb-service-role"
              }
            ],
            "arn": "arn:aws:elasticbeanstalk:us-east-1:752233440971:application/dig-network-bootstrap",
            "description": "DIG Network Bootstrap Server for global peer discovery",
            "id": "dig-network-bootstrap",
            "name": "dig-network-bootstrap",
            "tags": {
              "Environment": "prod",
              "Project": "DIG Network"
            },
            "tags_all": {
              "Environment": "prod",
              "Project": "DIG Network"
            }
          },
          "sensitive_attributes": [],
          "identity_schema_version": 0,
          "private": "bnVsbA==",
          "dependencies": [
            "aws_iam_role.eb_service_role"
          ]
        }
      ]
    },
    {
      "mode": "managed",
      "type": "aws_elastic_beanstalk_application_version",
      "name": "dig_bootstrap_version",
      "provider": "provider[\"registry.terraform.io/hashicorp/aws\"]",
      "instances": [
        {
          "schema_version": 0,
          "attributes": {
            "application": "dig-network-bootstrap",
            "arn": "arn:aws:elasticbeanstalk:us-east-1:752233440971:applicationversion/dig-network-bootstrap/v1.0.1",
            "bucket": "elasticbeanstalk-us-east-1-752233440971",
            "description": "DIG Network Bootstrap Server v1.0.1",
            "force_delete": false,
            "id": "v1.0.1",
            "key": "bootstrap-app-v2.zip",
            "name": "v1.0.1",
            "process": false,
            "tags": null,
            "tags_all": {}
          },
          "sensitive_attributes": [],
          "identity_schema_version": 0,
          "private": "bnVsbA==",
          "dependencies": [
            "aws_elastic_beanstalk_application.dig_bootstrap",
            "aws_iam_role.eb_service_role",
            "aws_s3_bucket.eb_bucket"
          ]
        }
      ]
    },
    {
      "mode": "managed",
      "type": "aws_elastic_beanstalk_environment",
      "name": "dig_bootstrap_env",
      "provider": "provider[\"registry.terraform.io/hashicorp/aws\"]",
      "instances": [
        {
          "status": "tainted",
          "schema_version": 1,
          "attributes": {
            "all_settings": [],
            "application": "dig-network-bootstrap",
            "arn": null,
            "autoscaling_groups": null,
            "cname": null,
            "cname_prefix": null,
            "description": null,
            "endpoint_url": null,
            "id": "e-5hbyxczmuh",
            "instances": null,
            "launch_configurations": null,
            "load_balancers": null,
            "name": "dig-bootstrap-prod",
            "platform_arn": null,
            "poll_interval": null,
            "queues": null,
            "setting": [
              {
                "name": "Application Healthcheck URL",
                "namespace": "aws:elasticbeanstalk:application",
                "resource": "",
                "value": "/health"
              },
              {
                "name": "BatchSize",
                "namespace": "aws:elasticbeanstalk:command",
                "resource": "",
                "value": "1"
              },
              {
                "name": "BatchSizeType",
                "namespace": "aws:elasticbeanstalk:command",
                "resource": "",
                "value": "Fixed"
              },
              {
                "name": "DIG_LOG_LEVEL",
                "namespace": "aws:elasticbeanstalk:application:environment",
                "resource": "",
                "value": "INFO"
              },
              {
                "name": "DeploymentPolicy",
                "namespace": "aws:elasticbeanstalk:command",
                "resource": "",
                "value": "Rolling"
              },
              {
                "name": "ELBSubnets",
                "namespace": "aws:ec2:vpc",
                "resource": "",
                "value": "subnet-0ae8a88cc038bbab3,subnet-02e50b34c3fe2c2c8,subnet-07d6ce5f89a9ea14d"
              },
              {
                "name": "EnableSpot",
                "namespace": "aws:ec2:instances",
                "resource": "",
                "value": "true"
              },
              {
                "name": "IamInstanceProfile",
                "namespace": "aws:autoscaling:launchconfiguration",
                "resource": "",
                "value": "dig-bootstrap-eb-ec2-profile"
              },
              {
                "name": "InstanceType",
                "namespace": "aws:autoscaling:launchconfiguration",
                "resource": "",
                "value": "t3.nano"
              },
              {
                "name": "LoadBalancerType",
                "namespace": "aws:elasticbeanstalk:environment",
                "resource": "",
                "value": "application"
              },
              {
                "name": "MaxSize",
                "namespace": "aws:autoscaling:asg",
                "resource": "",
                "value": "2"
              },
              {
                "name": "MinSize",
                "namespace": "aws:autoscaling:asg",
                "resource": "",
                "value": "1"
              },
              {
                "name": "NODE_ENV",
                "namespace": "aws:elasticbeanstalk:application:environment",
                "resource": "",
                "value": "production"
              },
              {
                "name": "PORT",
                "namespace": "aws:elasticbeanstalk:application:environment",
                "resource": "",
                "value": "3000"
              },
              {
                "name": "SecurityGroups",
                "namespace": "aws:autoscaling:launchconfiguration",
                "resource": "",
                "value": "sg-0ebd6c68bef10194e"
              },
              {
                "name": "SpotMaxPrice",
                "namespace": "aws:ec2:instances",
                "resource": "",
                "value": "0.005"
              },
              {
                "name": "Subnets",
                "namespace": "aws:ec2:vpc",
                "resource": "",
                "value": "subnet-0ae8a88cc038bbab3,subnet-02e50b34c3fe2c2c8,subnet-07d6ce5f89a9ea14d"
              },
              {
                "name": "SystemType",
                "namespace": "aws:elasticbeanstalk:healthreporting:system",
                "resource": "",
                "value": "enhanced"
              },
              {
                "name": "VPCId",
                "namespace": "aws:ec2:vpc",
                "resource": "",
                "value": "vpc-0e9bc881e17ce003a"
              }
            ],
            "solution_stack_name": "64bit Amazon Linux 2023 v4.7.1 running Docker",
            "tags": {
              "Environment": "prod",
              "Name": "DIG Bootstrap Environment",
              "Project": "DIG Network"
            },
            "tags_all": {
              "Environment": "prod",
              "Name": "DIG Bootstrap Environment",
              "Project": "DIG Network"
            },
            "template_name": null,
            "tier": "WebServer",
            "triggers": null,
            "version_label": "v1.0.1",
            "wait_for_ready_timeout": "20m"
          },
          "sensitive_attributes": [],
          "identity_schema_version": 0,
          "private": "eyJzY2hlbWFfdmVyc2lvbiI6IjEifQ==",
          "dependencies": [
            "aws_default_subnet.default",
            "aws_default_vpc.default",
            "aws_elastic_beanstalk_application.dig_bootstrap",
            "aws_elastic_beanstalk_application_version.dig_bootstrap_version",
            "aws_iam_instance_profile.eb_ec2_profile",
            "aws_iam_role.eb_ec2_role",
            "aws_iam_role.eb_service_role",
            "aws_s3_bucket.eb_bucket",
            "aws_security_group.dig_bootstrap",
            "data.aws_availability_zones.available"
          ]
        }
      ]
    },
    {
      "mode": "managed",
      "type": "aws_iam_instance_profile",
      "name": "eb_ec2_profile",
      "provider": "provider[\"registry.terraform.io/hashicorp/aws\"]",
      "instances": [
        {
          "schema_version": 0,
          "attributes": {
            "arn": "arn:aws:iam::752233440971:instance-profile/dig-bootstrap-eb-ec2-profile",
            "create_date": "2025-09-22T03:14:21Z",
            "id": "dig-bootstrap-eb-ec2-profile",
            "name": "dig-bootstrap-eb-ec2-profile",
            "name_prefix": "",
            "path": "/",
            "role": "dig-bootstrap-eb-ec2-role",
            "tags": {},
            "tags_all": {},
            "unique_id": "AIPA26JE3M3FRFXBWCF3V"
          },
          "sensitive_attributes": [],
          "identity_schema_version": 0,
          "private": "bnVsbA==",
          "dependencies": [
            "aws_iam_role.eb_ec2_role"
          ]
        }
      ]
    },
    {
      "mode": "managed",
      "type": "aws_iam_role",
      "name": "eb_ec2_role",
      "provider": "provider[\"registry.terraform.io/hashicorp/aws\"]",
      "instances": [
        {
          "schema_version": 0,
          "attributes": {
            "arn": "arn:aws:iam::752233440971:role/dig-bootstrap-eb-ec2-role",
            "assume_role_policy": "{\"Statement\":[{\"Action\":\"sts:AssumeRole\",\"Effect\":\"Allow\",\"Principal\":{\"Service\":\"ec2.amazonaws.com\"}}],\"Version\":\"2012-10-17\"}",
            "create_date": "2025-09-22T03:14:21Z",
            "description": "",
            "force_detach_policies": false,
            "id": "dig-bootstrap-eb-ec2-role",
            "inline_policy": [],
            "managed_policy_arns": [
              "arn:aws:iam::aws:policy/AWSElasticBeanstalkMulticontainerDocker",
              "arn:aws:iam::aws:policy/AWSElasticBeanstalkWebTier",
              "arn:aws:iam::aws:policy/AWSElasticBeanstalkWorkerTier",
              "arn:aws:iam::aws:policy/AmazonEC2ContainerRegistryReadOnly"
            ],
            "max_session_duration": 3600,
            "name": "dig-bootstrap-eb-ec2-role",
            "name_prefix": "",
            "path": "/",
            "permissions_boundary": "",
            "tags": {
              "Name": "DIG Bootstrap EB EC2 Role"
            },
            "tags_all": {
              "Name": "DIG Bootstrap EB EC2 Role"
            },
            "unique_id": "AROA26JE3M3FZIOMZMISG"
          },
          "sensitive_attributes": [],
          "identity_schema_version": 0,
          "private": "bnVsbA=="
        }
      ]
    },
    {
      "mode": "managed",
      "type": "aws_iam_role",
      "name": "eb_service_role",
      "provider": "provider[\"registry.terraform.io/hashicorp/aws\"]",
      "instances": [
        {
          "schema_version": 0,
          "attributes": {
            "arn": "arn:aws:iam::752233440971:role/dig-bootstrap-eb-service-role",
            "assume_role_policy": "{\"Statement\":[{\"Action\":\"sts:AssumeRole\",\"Effect\":\"Allow\",\"Principal\":{\"Service\":\"elasticbeanstalk.amazonaws.com\"}}],\"Version\":\"2012-10-17\"}",
            "create_date": "2025-09-22T03:14:21Z",
            "description": "",
            "force_detach_policies": false,
            "id": "dig-bootstrap-eb-service-role",
            "inline_policy": [],
            "managed_policy_arns": [
              "arn:aws:iam::aws:policy/service-role/AWSElasticBeanstalkService"
            ],
            "max_session_duration": 3600,
            "name": "dig-bootstrap-eb-service-role",
            "name_prefix": "",
            "path": "/",
            "permissions_boundary": "",
            "tags": {
              "Name": "DIG Bootstrap EB Service Role"
            },
            "tags_all": {
              "Name": "DIG Bootstrap EB Service Role"
            },
            "unique_id": "AROA26JE3M3FZEKQPALEX"
          },
          "sensitive_attributes": [],
          "identity_schema_version": 0,
          "private": "bnVsbA=="
        }
      ]
    },
    {
      "mode": "managed",
      "type": "aws_iam_role_policy_attachment",
      "name": "eb_ec2_role_ecr",
      "provider": "provider[\"registry.terraform.io/hashicorp/aws\"]",
      "instances": [
        {
          "schema_version": 0,
          "attributes": {
            "id": "dig-bootstrap-eb-ec2-role-20250922033953730100000001",
            "policy_arn": "arn:aws:iam::aws:policy/AmazonEC2ContainerRegistryReadOnly",
            "role": "dig-bootstrap-eb-ec2-role"
          },
          "sensitive_attributes": [],
          "identity_schema_version": 0,
          "private": "bnVsbA==",
          "dependencies": [
            "aws_iam_role.eb_ec2_role"
          ]
        }
      ]
    },
    {
      "mode": "managed",
      "type": "aws_iam_role_policy_attachment",
      "name": "eb_ec2_role_multicontainer_docker",
      "provider": "provider[\"registry.terraform.io/hashicorp/aws\"]",
      "instances": [
        {
          "schema_version": 0,
          "attributes": {
            "id": "dig-bootstrap-eb-ec2-role-20250922031422268200000003",
            "policy_arn": "arn:aws:iam::aws:policy/AWSElasticBeanstalkMulticontainerDocker",
            "role": "dig-bootstrap-eb-ec2-role"
          },
          "sensitive_attributes": [],
          "identity_schema_version": 0,
          "private": "bnVsbA==",
          "dependencies": [
            "aws_iam_role.eb_ec2_role"
          ]
        }
      ]
    },
    {
      "mode": "managed",
      "type": "aws_iam_role_policy_attachment",
      "name": "eb_ec2_role_web_tier",
      "provider": "provider[\"registry.terraform.io/hashicorp/aws\"]",
      "instances": [
        {
          "schema_version": 0,
          "attributes": {
            "id": "dig-bootstrap-eb-ec2-role-20250922031422329400000004",
            "policy_arn": "arn:aws:iam::aws:policy/AWSElasticBeanstalkWebTier",
            "role": "dig-bootstrap-eb-ec2-role"
          },
          "sensitive_attributes": [],
          "identity_schema_version": 0,
          "private": "bnVsbA==",
          "dependencies": [
            "aws_iam_role.eb_ec2_role"
          ]
        }
      ]
    },
    {
      "mode": "managed",
      "type": "aws_iam_role_policy_attachment",
      "name": "eb_ec2_role_worker_tier",
      "provider": "provider[\"registry.terraform.io/hashicorp/aws\"]",
      "instances": [
        {
          "schema_version": 0,
          "attributes": {
            "id": "dig-bootstrap-eb-ec2-role-20250922031422157300000002",
            "policy_arn": "arn:aws:iam::aws:policy/AWSElasticBeanstalkWorkerTier",
            "role": "dig-bootstrap-eb-ec2-role"
          },
          "sensitive_attributes": [],
          "identity_schema_version": 0,
          "private": "bnVsbA==",
          "dependencies": [
            "aws_iam_role.eb_ec2_role"
          ]
        }
      ]
    },
    {
      "mode": "managed",
      "type": "aws_iam_role_policy_attachment",
      "name": "eb_service_role_policy",
      "provider": "provider[\"registry.terraform.io/hashicorp/aws\"]",
      "instances": [
        {
          "schema_version": 0,
          "attributes": {
            "id": "dig-bootstrap-eb-service-role-20250922031422121100000001",
            "policy_arn": "arn:aws:iam::aws:policy/service-role/AWSElasticBeanstalkService",
            "role": "dig-bootstrap-eb-service-role"
          },
          "sensitive_attributes": [],
          "identity_schema_version": 0,
          "private": "bnVsbA==",
          "dependencies": [
            "aws_iam_role.eb_service_role"
          ]
        }
      ]
    },
    {
      "mode": "managed",
      "type": "aws_s3_bucket",
      "name": "eb_bucket",
      "provider": "provider[\"registry.terraform.io/hashicorp/aws\"]",
      "instances": [
        {
          "schema_version": 0,
          "attributes": {
            "acceleration_status": "",
            "acl": null,
            "arn": "arn:aws:s3:::elasticbeanstalk-us-east-1-752233440971",
            "bucket": "elasticbeanstalk-us-east-1-752233440971",
            "bucket_domain_name": "elasticbeanstalk-us-east-1-752233440971.s3.amazonaws.com",
            "bucket_prefix": "",
            "bucket_regional_domain_name": "elasticbeanstalk-us-east-1-752233440971.s3.us-east-1.amazonaws.com",
            "cors_rule": [],
            "force_destroy": true,
            "grant": [
              {
                "id": "78161c23fac4b6c0f8e2ab17bf4d1d308c176eee9ce3b9cb2cffd7575e2378c1",
                "permissions": [
                  "FULL_CONTROL"
                ],
                "type": "CanonicalUser",
                "uri": ""
              }
            ],
            "hosted_zone_id": "Z3AQBSTGFYJSTF",
            "id": "elasticbeanstalk-us-east-1-752233440971",
            "lifecycle_rule": [],
            "logging": [],
            "object_lock_configuration": [],
            "object_lock_enabled": false,
            "policy": "{\"Statement\":[{\"Action\":[\"s3:ListBucket\",\"s3:ListBucketVersions\",\"s3:GetObject\",\"s3:GetObjectVersion\"],\"Effect\":\"Allow\",\"Principal\":{\"AWS\":\"arn:aws:iam::752233440971:role/dig-bootstrap-eb-ec2-role\"},\"Resource\":[\"arn:aws:s3:::elasticbeanstalk-us-east-1-752233440971\",\"arn:aws:s3:::elasticbeanstalk-us-east-1-752233440971/resources/environments/*\"],\"Sid\":\"eb-af163bf3-d27b-4712-b795-d1e33e331ca4\"},{\"Action\":\"s3:DeleteBucket\",\"Effect\":\"Deny\",\"Principal\":{\"AWS\":\"*\"},\"Resource\":\"arn:aws:s3:::elasticbeanstalk-us-east-1-752233440971\",\"Sid\":\"eb-58950a8c-feb6-11e2-89e0-0800277d041b\"}],\"Version\":\"2008-10-17\"}",
            "region": "us-east-1",
            "replication_configuration": [],
            "request_payer": "BucketOwner",
            "server_side_encryption_configuration": [
              {
                "rule": [
                  {
                    "apply_server_side_encryption_by_default": [
                      {
                        "kms_master_key_id": "",
                        "sse_algorithm": "AES256"
                      }
                    ],
                    "bucket_key_enabled": false
                  }
                ]
              }
            ],
            "tags": {},
            "tags_all": {},
            "timeouts": null,
            "versioning": [
              {
                "enabled": false,
                "mfa_delete": false
              }
            ],
            "website": [],
            "website_domain": null,
            "website_endpoint": null
          },
          "sensitive_attributes": [],
          "identity_schema_version": 0,
          "private": "eyJlMmJmYjczMC1lY2FhLTExZTYtOGY4OC0zNDM2M2JjN2M0YzAiOnsiY3JlYXRlIjoxMjAwMDAwMDAwMDAwLCJkZWxldGUiOjM2MDAwMDAwMDAwMDAsInJlYWQiOjEyMDAwMDAwMDAwMDAsInVwZGF0ZSI6MTIwMDAwMDAwMDAwMH19"
        }
      ]
    },
    {
      "mode": "managed",
      "type": "aws_security_group",
      "name": "dig_bootstrap",
      "provider": "provider[\"registry.terraform.io/hashicorp/aws\"]",
      "instances": [
        {
          "schema_version": 1,
          "attributes": {
            "arn": "arn:aws:ec2:us-east-1:752233440971:security-group/sg-0ebd6c68bef10194e",
            "description": "Security group for DIG Network Bootstrap Server",
            "egress": [
              {
                "cidr_blocks": [
                  "0.0.0.0/0"
                ],
                "description": "",
                "from_port": 0,
                "ipv6_cidr_blocks": [],
                "prefix_list_ids": [],
                "protocol": "-1",
                "security_groups": [],
                "self": false,
                "to_port": 0
              }
            ],
            "id": "sg-0ebd6c68bef10194e",
            "ingress": [
              {
                "cidr_blocks": [
                  "0.0.0.0/0"
                ],
                "description": "",
                "from_port": 22,
                "ipv6_cidr_blocks": [],
                "prefix_list_ids": [],
                "protocol": "tcp",
                "security_groups": [],
                "self": false,
                "to_port": 22
              },
              {
                "cidr_blocks": [
                  "0.0.0.0/0"
                ],
                "description": "",
                "from_port": 3000,
                "ipv6_cidr_blocks": [],
                "prefix_list_ids": [],
                "protocol": "tcp",
                "security_groups": [],
                "self": false,
                "to_port": 3000
              },
              {
                "cidr_blocks": [
                  "0.0.0.0/0"
                ],
                "description": "",
                "from_port": 443,
                "ipv6_cidr_blocks": [],
                "prefix_list_ids": [],
                "protocol": "tcp",
                "security_groups": [],
                "self": false,
                "to_port": 443
              },
              {
                "cidr_blocks": [
                  "0.0.0.0/0"
                ],
                "description": "",
                "from_port": 80,
                "ipv6_cidr_blocks": [],
                "prefix_list_ids": [],
                "protocol": "tcp",
                "security_groups": [],
                "self": false,
                "to_port": 80
              }
            ],
            "name": "dig-bootstrap-20250922031423375100000005",
            "name_prefix": "dig-bootstrap-",
            "owner_id": "752233440971",
            "revoke_rules_on_delete": false,
            "tags": {
              "Name": "DIG Bootstrap Security Group"
            },
            "tags_all": {
              "Name": "DIG Bootstrap Security Group"
            },
            "timeouts": null,
            "vpc_id": "vpc-0e9bc881e17ce003a"
          },
          "sensitive_attributes": [],
          "identity_schema_version": 0,
          "private": "eyJlMmJmYjczMC1lY2FhLTExZTYtOGY4OC0zNDM2M2JjN2M0YzAiOnsiY3JlYXRlIjo2MDAwMDAwMDAwMDAsImRlbGV0ZSI6OTAwMDAwMDAwMDAwfSwic2NoZW1hX3ZlcnNpb24iOiIxIn0=",
          "dependencies": [
            "aws_default_vpc.default"
          ]
        }
      ]
    }
  ],
  "check_results": [
    {
      "object_kind": "var",
      "config_addr": "var.instance_type",
      "status": "pass",
      "objects": [
        {
          "object_addr": "var.instance_type",
          "status": "pass"
        }
      ]
    }
  ]
}
